
Microsoft Visual Studio Solution File, Format Version 12.00
# Visual Studio 15
VisualStudioVersion = 15.0.26403.7
MinimumVisualStudioVersion = 10.0.40219.1
Project("{2150E333-8FDC-42A3-9474-1A3956D46DE8}") = "src", "src", "{7822FF36-59FC-4A6D-AF2F-FB0EC90BD03D}"
EndProject
Project("{2150E333-8FDC-42A3-9474-1A3956D46DE8}") = "Solution Items", "Solution Items", "{2745240A-5D57-4925-85CA-4AA637CD2A3B}"
EndProject
Project("{9A19103F-16F7-4668-BE54-9A1E7A4F7556}") = "UsingMVCMiddleware", "src\UsingMVCMiddleware\UsingMVCMiddleware.csproj", "{78D4A889-CFD4-4E32-A729-B289B7B6E50F}"
EndProject
Global
	GlobalSection(SolutionConfigurationPlatforms) = preSolution
		Debug|Any CPU = Debug|Any CPU
		Release|Any CPU = Release|Any CPU
	EndGlobalSection
	GlobalSection(ProjectConfigurationPlatforms) = postSolution
		{78D4A889-CFD4-4E32-A729-B289B7B6E50F}.Debug|Any CPU.ActiveCfg = Debug|Any CPU
		{78D4A889-CFD4-4E32-A729-B289B7B6E50F}.Debug|Any CPU.Build.0 = Debug|Any CPU
		{78D4A889-CFD4-4E32-A729-B289B7B6E50F}.Release|Any CPU.ActiveCfg = Release|Any CPU
		{78D4A889-CFD4-4E32-A729-B289B7B6E50F}.Release|Any CPU.Build.0 = Release|Any CPU
	EndGlobalSection
	GlobalSection(SolutionProperties) = preSolution
		HideSolutionNode = FALSE
	EndGlobalSection
	GlobalSection(NestedProjects) = preSolution
		{78D4A889-CFD4-4E32-A729-B289B7B6E50F} = {7822FF36-59FC-4A6D-AF2F-FB0EC90BD03D}
	EndGlobalSection
EndGlobal
