
Microsoft Visual Studio Solution File, Format Version 12.00
# Visual Studio 15
VisualStudioVersion = 15.0.27703.2042
MinimumVisualStudioVersion = 10.0.40219.1
Project("{9A19103F-16F7-4668-BE54-9A1E7A4F7556}") = "ASPNET-Core-And-Docker", "ASPNET-Core-And-Docker.csproj", "{28598D50-85EB-475D-8E91-542F5645C56D}"
EndProject
Global
	GlobalSection(SolutionConfigurationPlatforms) = preSolution
		Debug|Any CPU = Debug|Any CPU
		Release|Any CPU = Release|Any CPU
	EndGlobalSection
	GlobalSection(ProjectConfigurationPlatforms) = postSolution
		{28598D50-85EB-475D-8E91-542F5645C56D}.Debug|Any CPU.ActiveCfg = Debug|Any CPU
		{28598D50-85EB-475D-8E91-542F5645C56D}.Debug|Any CPU.Build.0 = Debug|Any CPU
		{28598D50-85EB-475D-8E91-542F5645C56D}.Release|Any CPU.ActiveCfg = Release|Any CPU
		{28598D50-85EB-475D-8E91-542F5645C56D}.Release|Any CPU.Build.0 = Release|Any CPU
	EndGlobalSection
	GlobalSection(SolutionProperties) = preSolution
		HideSolutionNode = FALSE
	EndGlobalSection
	GlobalSection(ExtensibilityGlobals) = postSolution
		SolutionGuid = {CFE8EF71-2FB1-4F96-906A-388A593C755C}
	EndGlobalSection
EndGlobal
