
Microsoft Visual Studio Solution File, Format Version 12.00
# Visual Studio 15
VisualStudioVersion = 15.0.27703.2042
MinimumVisualStudioVersion = 10.0.40219.1
Project("{FAE04EC0-301F-11D3-BF4B-00C04F79EFBC}") = "UsingIdentity", "UsingIdentity\UsingIdentity.csproj", "{7453A290-CF13-405F-ABFD-AD41B87C0D1B}"
EndProject
Global
	GlobalSection(SolutionConfigurationPlatforms) = preSolution
		Debug|Any CPU = Debug|Any CPU
		Release|Any CPU = Release|Any CPU
	EndGlobalSection
	GlobalSection(ProjectConfigurationPlatforms) = postSolution
		{7453A290-CF13-405F-ABFD-AD41B87C0D1B}.Debug|Any CPU.ActiveCfg = Debug|Any CPU
		{7453A290-CF13-405F-ABFD-AD41B87C0D1B}.Debug|Any CPU.Build.0 = Debug|Any CPU
		{7453A290-CF13-405F-ABFD-AD41B87C0D1B}.Release|Any CPU.ActiveCfg = Release|Any CPU
		{7453A290-CF13-405F-ABFD-AD41B87C0D1B}.Release|Any CPU.Build.0 = Release|Any CPU
	EndGlobalSection
	GlobalSection(SolutionProperties) = preSolution
		HideSolutionNode = FALSE
	EndGlobalSection
	GlobalSection(ExtensibilityGlobals) = postSolution
		SolutionGuid = {8342123A-EA86-43B1-ADE1-191D149AC3BF}
	EndGlobalSection
EndGlobal
